
Microsoft Visual Studio Solution File, Format Version 12.00
# Visual Studio Version 17
VisualStudioVersion = 17.13.35931.197
MinimumVisualStudioVersion = 10.0.40219.1
Project("{FAE04EC0-301F-11D3-BF4B-00C04F79EFBC}") = "НМ2", "НМ2\НМ2.csproj", "{16DCD3BB-8D4C-4BC4-9DC4-7C639C902F49}"
EndProject
Global
	GlobalSection(SolutionConfigurationPlatforms) = preSolution
		Debug|Any CPU = Debug|Any CPU
		Release|Any CPU = Release|Any CPU
	EndGlobalSection
	GlobalSection(ProjectConfigurationPlatforms) = postSolution
		{16DCD3BB-8D4C-4BC4-9DC4-7C639C902F49}.Debug|Any CPU.ActiveCfg = Debug|Any CPU
		{16DCD3BB-8D4C-4BC4-9DC4-7C639C902F49}.Debug|Any CPU.Build.0 = Debug|Any CPU
		{16DCD3BB-8D4C-4BC4-9DC4-7C639C902F49}.Release|Any CPU.ActiveCfg = Release|Any CPU
		{16DCD3BB-8D4C-4BC4-9DC4-7C639C902F49}.Release|Any CPU.Build.0 = Release|Any CPU
	EndGlobalSection
	GlobalSection(SolutionProperties) = preSolution
		HideSolutionNode = FALSE
	EndGlobalSection
	GlobalSection(ExtensibilityGlobals) = postSolution
		SolutionGuid = {C1923E00-DEA7-403E-BB0D-F3577C884C9E}
	EndGlobalSection
EndGlobal
